
Microsoft Visual Studio Solution File, Format Version 12.00
# Visual Studio Version 17
VisualStudioVersion = 17.8.34511.84
MinimumVisualStudioVersion = 10.0.40219.1
Project("{2150E333-8FDC-42A3-9474-1A3956D46DE8}") = "src", "src", "{95CDBB82-F4A4-41B7-814C-3BDFE70279A0}"
EndProject
Project("{2150E333-8FDC-42A3-9474-1A3956D46DE8}") = "docs", "docs", "{A1C79C2F-7479-47E9-8777-1D0EB075E207}"
EndProject
Project("{9A19103F-16F7-4668-BE54-9A1E7A4F7556}") = "ProductService.Api", "ProductService.Api\ProductService.Api.csproj", "{23549B22-F40B-4C47-9FE2-9ADCC28325BD}"
EndProject
Project("{2150E333-8FDC-42A3-9474-1A3956D46DE8}") = "Product", "Product", "{8A7A6906-37FD-4A74-A22C-CB09A42EC13C}"
EndProject
Project("{2150E333-8FDC-42A3-9474-1A3956D46DE8}") = "Basket", "Basket", "{F1580118-360D-4679-ABD5-7D4DFF8A14F8}"
EndProject
Project("{9A19103F-16F7-4668-BE54-9A1E7A4F7556}") = "BasketService.Api", "BasketService.Api\BasketService.Api.csproj", "{69287BF0-9015-4E3D-965D-E82C034A6390}"
EndProject
Project("{2150E333-8FDC-42A3-9474-1A3956D46DE8}") = "User", "User", "{B8B04DA7-242D-4A56-9D8D-7EE3750D2959}"
EndProject
Project("{2150E333-8FDC-42A3-9474-1A3956D46DE8}") = "Captcha", "Captcha", "{7026A3F5-B66B-4B14-BC55-EA3170E3E0EA}"
EndProject
Project("{9A19103F-16F7-4668-BE54-9A1E7A4F7556}") = "BestShop.Captcha.API", "BestShop.Captcha.API\BestShop.Captcha.API.csproj", "{7AEF8704-05DC-426C-88C7-2CCDD53D3F4D}"
EndProject
Project("{9A19103F-16F7-4668-BE54-9A1E7A4F7556}") = "BestShop.ProductService.Domain", "BestShop.ProductService.Domain\BestShop.ProductService.Domain.csproj", "{8A7A7845-CC18-41A1-8B6F-6E7BBA1C2301}"
EndProject
Project("{9A19103F-16F7-4668-BE54-9A1E7A4F7556}") = "BestShop.ProductService.Infrastructure", "BestShop.ProductService.Infrastructure\BestShop.ProductService.Infrastructure.csproj", "{F57068EA-1221-4B6B-A66F-9B43EA239772}"
EndProject
Project("{9A19103F-16F7-4668-BE54-9A1E7A4F7556}") = "BestShop.ProductService.Application", "BestShop.ProductService.Application\BestShop.ProductService.Application.csproj", "{3CDDC1AB-E780-42EE-8824-B793C615E385}"
EndProject
Project("{2150E333-8FDC-42A3-9474-1A3956D46DE8}") = "Gateway", "Gateway", "{24D296C0-52F9-48DF-84DC-55BCDB0A20A7}"
EndProject
Project("{9A19103F-16F7-4668-BE54-9A1E7A4F7556}") = "BestShop.ApiGateway", "BestShop.ApiGateway\BestShop.ApiGateway.csproj", "{81C643FF-2023-4E96-8B8E-460DB07F9FE2}"
EndProject
Project("{9A19103F-16F7-4668-BE54-9A1E7A4F7556}") = "BestShop.User.Api", "BestShop.User.Api\BestShop.User.Api.csproj", "{2FFD9574-D7E7-4517-8F90-C8CDBB30A914}"
EndProject
Project("{9A19103F-16F7-4668-BE54-9A1E7A4F7556}") = "BestShop.User.Application", "BestShop.User.Application\BestShop.User.Application.csproj", "{8D56A1EC-B74C-446D-AD26-424045069687}"
EndProject
Project("{9A19103F-16F7-4668-BE54-9A1E7A4F7556}") = "BestShop.User.Domain", "BestShop.User.Domain\BestShop.User.Domain.csproj", "{80EF5D52-0E91-4D8D-AECA-26201E57DC88}"
EndProject
Project("{9A19103F-16F7-4668-BE54-9A1E7A4F7556}") = "BestShop.User.Infrastructure", "BestShop.User.Infrastructure\BestShop.User.Infrastructure.csproj", "{EC754C13-CCEE-4633-B834-8D0A525650F7}"
EndProject
Project("{2150E333-8FDC-42A3-9474-1A3956D46DE8}") = "CollectProduct", "CollectProduct", "{57C185C8-EA55-4902-AE74-49D6BF81F531}"
EndProject
Project("{FAE04EC0-301F-11D3-BF4B-00C04F79EFBC}") = "BestShop.CollectProduct", "BestShop.CollectProduct\BestShop.CollectProduct.csproj", "{251E916B-1D39-4F81-A1C2-E5A027A22028}"
EndProject
Project("{FAE04EC0-301F-11D3-BF4B-00C04F79EFBC}") = "BestShop.DataAdder", "BestShop.DataAdder\BestShop.DataAdder.csproj", "{DCDD7E4A-8072-4F14-8F87-E45499E0F6A4}"
EndProject
Global
	GlobalSection(SolutionConfigurationPlatforms) = preSolution
		Debug|Any CPU = Debug|Any CPU
		Release|Any CPU = Release|Any CPU
	EndGlobalSection
	GlobalSection(ProjectConfigurationPlatforms) = postSolution
		{23549B22-F40B-4C47-9FE2-9ADCC28325BD}.Debug|Any CPU.ActiveCfg = Debug|Any CPU
		{23549B22-F40B-4C47-9FE2-9ADCC28325BD}.Debug|Any CPU.Build.0 = Debug|Any CPU
		{23549B22-F40B-4C47-9FE2-9ADCC28325BD}.Release|Any CPU.ActiveCfg = Release|Any CPU
		{23549B22-F40B-4C47-9FE2-9ADCC28325BD}.Release|Any CPU.Build.0 = Release|Any CPU
		{69287BF0-9015-4E3D-965D-E82C034A6390}.Debug|Any CPU.ActiveCfg = Debug|Any CPU
		{69287BF0-9015-4E3D-965D-E82C034A6390}.Debug|Any CPU.Build.0 = Debug|Any CPU
		{69287BF0-9015-4E3D-965D-E82C034A6390}.Release|Any CPU.ActiveCfg = Release|Any CPU
		{69287BF0-9015-4E3D-965D-E82C034A6390}.Release|Any CPU.Build.0 = Release|Any CPU
		{7AEF8704-05DC-426C-88C7-2CCDD53D3F4D}.Debug|Any CPU.ActiveCfg = Debug|Any CPU
		{7AEF8704-05DC-426C-88C7-2CCDD53D3F4D}.Debug|Any CPU.Build.0 = Debug|Any CPU
		{7AEF8704-05DC-426C-88C7-2CCDD53D3F4D}.Release|Any CPU.ActiveCfg = Release|Any CPU
		{7AEF8704-05DC-426C-88C7-2CCDD53D3F4D}.Release|Any CPU.Build.0 = Release|Any CPU
		{8A7A7845-CC18-41A1-8B6F-6E7BBA1C2301}.Debug|Any CPU.ActiveCfg = Debug|Any CPU
		{8A7A7845-CC18-41A1-8B6F-6E7BBA1C2301}.Debug|Any CPU.Build.0 = Debug|Any CPU
		{8A7A7845-CC18-41A1-8B6F-6E7BBA1C2301}.Release|Any CPU.ActiveCfg = Release|Any CPU
		{8A7A7845-CC18-41A1-8B6F-6E7BBA1C2301}.Release|Any CPU.Build.0 = Release|Any CPU
		{F57068EA-1221-4B6B-A66F-9B43EA239772}.Debug|Any CPU.ActiveCfg = Debug|Any CPU
		{F57068EA-1221-4B6B-A66F-9B43EA239772}.Debug|Any CPU.Build.0 = Debug|Any CPU
		{F57068EA-1221-4B6B-A66F-9B43EA239772}.Release|Any CPU.ActiveCfg = Release|Any CPU
		{F57068EA-1221-4B6B-A66F-9B43EA239772}.Release|Any CPU.Build.0 = Release|Any CPU
		{3CDDC1AB-E780-42EE-8824-B793C615E385}.Debug|Any CPU.ActiveCfg = Debug|Any CPU
		{3CDDC1AB-E780-42EE-8824-B793C615E385}.Debug|Any CPU.Build.0 = Debug|Any CPU
		{3CDDC1AB-E780-42EE-8824-B793C615E385}.Release|Any CPU.ActiveCfg = Release|Any CPU
		{3CDDC1AB-E780-42EE-8824-B793C615E385}.Release|Any CPU.Build.0 = Release|Any CPU
		{81C643FF-2023-4E96-8B8E-460DB07F9FE2}.Debug|Any CPU.ActiveCfg = Debug|Any CPU
		{81C643FF-2023-4E96-8B8E-460DB07F9FE2}.Debug|Any CPU.Build.0 = Debug|Any CPU
		{81C643FF-2023-4E96-8B8E-460DB07F9FE2}.Release|Any CPU.ActiveCfg = Release|Any CPU
		{81C643FF-2023-4E96-8B8E-460DB07F9FE2}.Release|Any CPU.Build.0 = Release|Any CPU
		{2FFD9574-D7E7-4517-8F90-C8CDBB30A914}.Debug|Any CPU.ActiveCfg = Debug|Any CPU
		{2FFD9574-D7E7-4517-8F90-C8CDBB30A914}.Debug|Any CPU.Build.0 = Debug|Any CPU
		{2FFD9574-D7E7-4517-8F90-C8CDBB30A914}.Release|Any CPU.ActiveCfg = Release|Any CPU
		{2FFD9574-D7E7-4517-8F90-C8CDBB30A914}.Release|Any CPU.Build.0 = Release|Any CPU
		{8D56A1EC-B74C-446D-AD26-424045069687}.Debug|Any CPU.ActiveCfg = Debug|Any CPU
		{8D56A1EC-B74C-446D-AD26-424045069687}.Debug|Any CPU.Build.0 = Debug|Any CPU
		{8D56A1EC-B74C-446D-AD26-424045069687}.Release|Any CPU.ActiveCfg = Release|Any CPU
		{8D56A1EC-B74C-446D-AD26-424045069687}.Release|Any CPU.Build.0 = Release|Any CPU
		{80EF5D52-0E91-4D8D-AECA-26201E57DC88}.Debug|Any CPU.ActiveCfg = Debug|Any CPU
		{80EF5D52-0E91-4D8D-AECA-26201E57DC88}.Debug|Any CPU.Build.0 = Debug|Any CPU
		{80EF5D52-0E91-4D8D-AECA-26201E57DC88}.Release|Any CPU.ActiveCfg = Release|Any CPU
		{80EF5D52-0E91-4D8D-AECA-26201E57DC88}.Release|Any CPU.Build.0 = Release|Any CPU
		{EC754C13-CCEE-4633-B834-8D0A525650F7}.Debug|Any CPU.ActiveCfg = Debug|Any CPU
		{EC754C13-CCEE-4633-B834-8D0A525650F7}.Debug|Any CPU.Build.0 = Debug|Any CPU
		{EC754C13-CCEE-4633-B834-8D0A525650F7}.Release|Any CPU.ActiveCfg = Release|Any CPU
		{EC754C13-CCEE-4633-B834-8D0A525650F7}.Release|Any CPU.Build.0 = Release|Any CPU
		{251E916B-1D39-4F81-A1C2-E5A027A22028}.Debug|Any CPU.ActiveCfg = Debug|Any CPU
		{251E916B-1D39-4F81-A1C2-E5A027A22028}.Debug|Any CPU.Build.0 = Debug|Any CPU
		{251E916B-1D39-4F81-A1C2-E5A027A22028}.Release|Any CPU.ActiveCfg = Release|Any CPU
		{251E916B-1D39-4F81-A1C2-E5A027A22028}.Release|Any CPU.Build.0 = Release|Any CPU
		{DCDD7E4A-8072-4F14-8F87-E45499E0F6A4}.Debug|Any CPU.ActiveCfg = Debug|Any CPU
		{DCDD7E4A-8072-4F14-8F87-E45499E0F6A4}.Debug|Any CPU.Build.0 = Debug|Any CPU
		{DCDD7E4A-8072-4F14-8F87-E45499E0F6A4}.Release|Any CPU.ActiveCfg = Release|Any CPU
		{DCDD7E4A-8072-4F14-8F87-E45499E0F6A4}.Release|Any CPU.Build.0 = Release|Any CPU
	EndGlobalSection
	GlobalSection(SolutionProperties) = preSolution
		HideSolutionNode = FALSE
	EndGlobalSection
	GlobalSection(NestedProjects) = preSolution
		{23549B22-F40B-4C47-9FE2-9ADCC28325BD} = {8A7A6906-37FD-4A74-A22C-CB09A42EC13C}
		{8A7A6906-37FD-4A74-A22C-CB09A42EC13C} = {95CDBB82-F4A4-41B7-814C-3BDFE70279A0}
		{F1580118-360D-4679-ABD5-7D4DFF8A14F8} = {95CDBB82-F4A4-41B7-814C-3BDFE70279A0}
		{69287BF0-9015-4E3D-965D-E82C034A6390} = {F1580118-360D-4679-ABD5-7D4DFF8A14F8}
		{B8B04DA7-242D-4A56-9D8D-7EE3750D2959} = {95CDBB82-F4A4-41B7-814C-3BDFE70279A0}
		{7026A3F5-B66B-4B14-BC55-EA3170E3E0EA} = {95CDBB82-F4A4-41B7-814C-3BDFE70279A0}
		{7AEF8704-05DC-426C-88C7-2CCDD53D3F4D} = {7026A3F5-B66B-4B14-BC55-EA3170E3E0EA}
		{8A7A7845-CC18-41A1-8B6F-6E7BBA1C2301} = {8A7A6906-37FD-4A74-A22C-CB09A42EC13C}
		{F57068EA-1221-4B6B-A66F-9B43EA239772} = {8A7A6906-37FD-4A74-A22C-CB09A42EC13C}
		{3CDDC1AB-E780-42EE-8824-B793C615E385} = {8A7A6906-37FD-4A74-A22C-CB09A42EC13C}
		{24D296C0-52F9-48DF-84DC-55BCDB0A20A7} = {95CDBB82-F4A4-41B7-814C-3BDFE70279A0}
		{81C643FF-2023-4E96-8B8E-460DB07F9FE2} = {24D296C0-52F9-48DF-84DC-55BCDB0A20A7}
		{2FFD9574-D7E7-4517-8F90-C8CDBB30A914} = {B8B04DA7-242D-4A56-9D8D-7EE3750D2959}
		{8D56A1EC-B74C-446D-AD26-424045069687} = {B8B04DA7-242D-4A56-9D8D-7EE3750D2959}
		{80EF5D52-0E91-4D8D-AECA-26201E57DC88} = {B8B04DA7-242D-4A56-9D8D-7EE3750D2959}
		{EC754C13-CCEE-4633-B834-8D0A525650F7} = {B8B04DA7-242D-4A56-9D8D-7EE3750D2959}
		{57C185C8-EA55-4902-AE74-49D6BF81F531} = {95CDBB82-F4A4-41B7-814C-3BDFE70279A0}
		{251E916B-1D39-4F81-A1C2-E5A027A22028} = {57C185C8-EA55-4902-AE74-49D6BF81F531}
		{DCDD7E4A-8072-4F14-8F87-E45499E0F6A4} = {57C185C8-EA55-4902-AE74-49D6BF81F531}
	EndGlobalSection
	GlobalSection(ExtensibilityGlobals) = postSolution
		SolutionGuid = {B2054C09-AA20-43DE-8CB1-2FC7C27B4668}
	EndGlobalSection
EndGlobal
